
Microsoft Visual Studio Solution File, Format Version 12.00
# Visual Studio Version 16
VisualStudioVersion = 16.0.29709.97
MinimumVisualStudioVersion = 10.0.40219.1
Project("{FAE04EC0-301F-11D3-BF4B-00C04F79EFBC}") = "COMP2084MidtermW20", "COMP2084MidtermW20\COMP2084MidtermW20.csproj", "{8FB962B9-FCC6-401F-B6B5-5F0ECC7868C0}"
EndProject
Global
	GlobalSection(SolutionConfigurationPlatforms) = preSolution
		Debug|Any CPU = Debug|Any CPU
		Release|Any CPU = Release|Any CPU
	EndGlobalSection
	GlobalSection(ProjectConfigurationPlatforms) = postSolution
		{8FB962B9-FCC6-401F-B6B5-5F0ECC7868C0}.Debug|Any CPU.ActiveCfg = Debug|Any CPU
		{8FB962B9-FCC6-401F-B6B5-5F0ECC7868C0}.Debug|Any CPU.Build.0 = Debug|Any CPU
		{8FB962B9-FCC6-401F-B6B5-5F0ECC7868C0}.Release|Any CPU.ActiveCfg = Release|Any CPU
		{8FB962B9-FCC6-401F-B6B5-5F0ECC7868C0}.Release|Any CPU.Build.0 = Release|Any CPU
	EndGlobalSection
	GlobalSection(SolutionProperties) = preSolution
		HideSolutionNode = FALSE
	EndGlobalSection
	GlobalSection(ExtensibilityGlobals) = postSolution
		SolutionGuid = {92E09AEE-B4D3-47B6-A369-7D2083889978}
	EndGlobalSection
EndGlobal
